
Microsoft Visual Studio Solution File, Format Version 12.00
# Visual Studio Version 16
VisualStudioVersion = 16.0.30717.126
MinimumVisualStudioVersion = 10.0.40219.1
Project("{9A19103F-16F7-4668-BE54-9A1E7A4F7556}") = "Day1", "Day1\Day1.csproj", "{F61F8F55-49EB-43BA-A3BF-2BF91ED5DF62}"
EndProject
Project("{9A19103F-16F7-4668-BE54-9A1E7A4F7556}") = "Day2", "Day2\Day2.csproj", "{BF9E7F41-370E-4A93-A50E-77E07C566A23}"
EndProject
Project("{FAE04EC0-301F-11D3-BF4B-00C04F79EFBC}") = "Day3", "Day3\Day3.csproj", "{52172E3B-B1B9-42B6-B9BB-6D133E206713}"
EndProject
Project("{FAE04EC0-301F-11D3-BF4B-00C04F79EFBC}") = "Day4", "Day4\Day4.csproj", "{CEA6A1C9-F9CB-44D1-A3C0-538D94A7CAF9}"
EndProject
Project("{FAE04EC0-301F-11D3-BF4B-00C04F79EFBC}") = "Day5", "Day5\Day5.csproj", "{45FC9431-E815-4712-9238-9A165BF1010A}"
EndProject
Project("{FAE04EC0-301F-11D3-BF4B-00C04F79EFBC}") = "Day6", "Day6\Day6.csproj", "{9A3FE0E4-0898-4C16-AD84-87074BA31A8F}"
EndProject
Project("{FAE04EC0-301F-11D3-BF4B-00C04F79EFBC}") = "Day7", "Day7\Day7.csproj", "{492547E5-C5A5-4996-80AB-136E6E7082EE}"
EndProject
Project("{FAE04EC0-301F-11D3-BF4B-00C04F79EFBC}") = "Day7Tests", "Day7Tests\Day7Tests.csproj", "{5C1667CC-7B4C-44B5-8363-778CBDFD88DD}"
EndProject
Project("{FAE04EC0-301F-11D3-BF4B-00C04F79EFBC}") = "Day8Tests", "Day8Tests\Day8Tests.csproj", "{74ED87E8-C7D2-4F95-94CD-B81F420AE2F8}"
EndProject
Project("{FAE04EC0-301F-11D3-BF4B-00C04F79EFBC}") = "Day8", "Day8\Day8.csproj", "{58ED0A9B-DF02-4260-B602-B881A92E2683}"
EndProject
Global
	GlobalSection(SolutionConfigurationPlatforms) = preSolution
		Debug|Any CPU = Debug|Any CPU
		Release|Any CPU = Release|Any CPU
	EndGlobalSection
	GlobalSection(ProjectConfigurationPlatforms) = postSolution
		{F61F8F55-49EB-43BA-A3BF-2BF91ED5DF62}.Debug|Any CPU.ActiveCfg = Debug|Any CPU
		{F61F8F55-49EB-43BA-A3BF-2BF91ED5DF62}.Debug|Any CPU.Build.0 = Debug|Any CPU
		{F61F8F55-49EB-43BA-A3BF-2BF91ED5DF62}.Release|Any CPU.ActiveCfg = Release|Any CPU
		{F61F8F55-49EB-43BA-A3BF-2BF91ED5DF62}.Release|Any CPU.Build.0 = Release|Any CPU
		{BF9E7F41-370E-4A93-A50E-77E07C566A23}.Debug|Any CPU.ActiveCfg = Debug|Any CPU
		{BF9E7F41-370E-4A93-A50E-77E07C566A23}.Debug|Any CPU.Build.0 = Debug|Any CPU
		{BF9E7F41-370E-4A93-A50E-77E07C566A23}.Release|Any CPU.ActiveCfg = Release|Any CPU
		{BF9E7F41-370E-4A93-A50E-77E07C566A23}.Release|Any CPU.Build.0 = Release|Any CPU
		{52172E3B-B1B9-42B6-B9BB-6D133E206713}.Debug|Any CPU.ActiveCfg = Debug|Any CPU
		{52172E3B-B1B9-42B6-B9BB-6D133E206713}.Debug|Any CPU.Build.0 = Debug|Any CPU
		{52172E3B-B1B9-42B6-B9BB-6D133E206713}.Release|Any CPU.ActiveCfg = Release|Any CPU
		{52172E3B-B1B9-42B6-B9BB-6D133E206713}.Release|Any CPU.Build.0 = Release|Any CPU
		{CEA6A1C9-F9CB-44D1-A3C0-538D94A7CAF9}.Debug|Any CPU.ActiveCfg = Debug|Any CPU
		{CEA6A1C9-F9CB-44D1-A3C0-538D94A7CAF9}.Debug|Any CPU.Build.0 = Debug|Any CPU
		{CEA6A1C9-F9CB-44D1-A3C0-538D94A7CAF9}.Release|Any CPU.ActiveCfg = Release|Any CPU
		{CEA6A1C9-F9CB-44D1-A3C0-538D94A7CAF9}.Release|Any CPU.Build.0 = Release|Any CPU
		{45FC9431-E815-4712-9238-9A165BF1010A}.Debug|Any CPU.ActiveCfg = Debug|Any CPU
		{45FC9431-E815-4712-9238-9A165BF1010A}.Debug|Any CPU.Build.0 = Debug|Any CPU
		{45FC9431-E815-4712-9238-9A165BF1010A}.Release|Any CPU.ActiveCfg = Release|Any CPU
		{45FC9431-E815-4712-9238-9A165BF1010A}.Release|Any CPU.Build.0 = Release|Any CPU
		{9A3FE0E4-0898-4C16-AD84-87074BA31A8F}.Debug|Any CPU.ActiveCfg = Debug|Any CPU
		{9A3FE0E4-0898-4C16-AD84-87074BA31A8F}.Debug|Any CPU.Build.0 = Debug|Any CPU
		{9A3FE0E4-0898-4C16-AD84-87074BA31A8F}.Release|Any CPU.ActiveCfg = Release|Any CPU
		{9A3FE0E4-0898-4C16-AD84-87074BA31A8F}.Release|Any CPU.Build.0 = Release|Any CPU
		{492547E5-C5A5-4996-80AB-136E6E7082EE}.Debug|Any CPU.ActiveCfg = Debug|Any CPU
		{492547E5-C5A5-4996-80AB-136E6E7082EE}.Debug|Any CPU.Build.0 = Debug|Any CPU
		{492547E5-C5A5-4996-80AB-136E6E7082EE}.Release|Any CPU.ActiveCfg = Release|Any CPU
		{492547E5-C5A5-4996-80AB-136E6E7082EE}.Release|Any CPU.Build.0 = Release|Any CPU
		{5C1667CC-7B4C-44B5-8363-778CBDFD88DD}.Debug|Any CPU.ActiveCfg = Debug|Any CPU
		{5C1667CC-7B4C-44B5-8363-778CBDFD88DD}.Debug|Any CPU.Build.0 = Debug|Any CPU
		{5C1667CC-7B4C-44B5-8363-778CBDFD88DD}.Release|Any CPU.ActiveCfg = Release|Any CPU
		{5C1667CC-7B4C-44B5-8363-778CBDFD88DD}.Release|Any CPU.Build.0 = Release|Any CPU
		{74ED87E8-C7D2-4F95-94CD-B81F420AE2F8}.Debug|Any CPU.ActiveCfg = Debug|Any CPU
		{74ED87E8-C7D2-4F95-94CD-B81F420AE2F8}.Debug|Any CPU.Build.0 = Debug|Any CPU
		{74ED87E8-C7D2-4F95-94CD-B81F420AE2F8}.Release|Any CPU.ActiveCfg = Release|Any CPU
		{74ED87E8-C7D2-4F95-94CD-B81F420AE2F8}.Release|Any CPU.Build.0 = Release|Any CPU
		{58ED0A9B-DF02-4260-B602-B881A92E2683}.Debug|Any CPU.ActiveCfg = Debug|Any CPU
		{58ED0A9B-DF02-4260-B602-B881A92E2683}.Debug|Any CPU.Build.0 = Debug|Any CPU
		{58ED0A9B-DF02-4260-B602-B881A92E2683}.Release|Any CPU.ActiveCfg = Release|Any CPU
		{58ED0A9B-DF02-4260-B602-B881A92E2683}.Release|Any CPU.Build.0 = Release|Any CPU
	EndGlobalSection
	GlobalSection(SolutionProperties) = preSolution
		HideSolutionNode = FALSE
	EndGlobalSection
	GlobalSection(ExtensibilityGlobals) = postSolution
		SolutionGuid = {A5271F0C-C5DE-497F-BE40-FADF15AB6350}
	EndGlobalSection
EndGlobal
